
Microsoft Visual Studio Solution File, Format Version 12.00
# Visual Studio Version 17
VisualStudioVersion = 17.2.32526.322
MinimumVisualStudioVersion = 10.0.40219.1
Project("{9A19103F-16F7-4668-BE54-9A1E7A4F7556}") = "Chat.API", "Chat.API\Chat.API.csproj", "{3FF80034-6C70-4A02-BC19-C2A77C36DAA5}"
EndProject
Project("{FAE04EC0-301F-11D3-BF4B-00C04F79EFBC}") = "Chat.BLL", "Chat.BLL\Chat.BLL.csproj", "{734DCB31-A664-4AD0-8ACB-6D238CD0C5F6}"
EndProject
Project("{FAE04EC0-301F-11D3-BF4B-00C04F79EFBC}") = "Chat.DAL", "Chat.DAL\Chat.DAL.csproj", "{764A0CCA-5413-4662-AEB8-DCAF24FBB115}"
EndProject
Global
	GlobalSection(SolutionConfigurationPlatforms) = preSolution
		Debug|Any CPU = Debug|Any CPU
		Release|Any CPU = Release|Any CPU
	EndGlobalSection
	GlobalSection(ProjectConfigurationPlatforms) = postSolution
		{3FF80034-6C70-4A02-BC19-C2A77C36DAA5}.Debug|Any CPU.ActiveCfg = Debug|Any CPU
		{3FF80034-6C70-4A02-BC19-C2A77C36DAA5}.Debug|Any CPU.Build.0 = Debug|Any CPU
		{3FF80034-6C70-4A02-BC19-C2A77C36DAA5}.Release|Any CPU.ActiveCfg = Release|Any CPU
		{3FF80034-6C70-4A02-BC19-C2A77C36DAA5}.Release|Any CPU.Build.0 = Release|Any CPU
		{734DCB31-A664-4AD0-8ACB-6D238CD0C5F6}.Debug|Any CPU.ActiveCfg = Debug|Any CPU
		{734DCB31-A664-4AD0-8ACB-6D238CD0C5F6}.Debug|Any CPU.Build.0 = Debug|Any CPU
		{734DCB31-A664-4AD0-8ACB-6D238CD0C5F6}.Release|Any CPU.ActiveCfg = Release|Any CPU
		{734DCB31-A664-4AD0-8ACB-6D238CD0C5F6}.Release|Any CPU.Build.0 = Release|Any CPU
		{764A0CCA-5413-4662-AEB8-DCAF24FBB115}.Debug|Any CPU.ActiveCfg = Debug|Any CPU
		{764A0CCA-5413-4662-AEB8-DCAF24FBB115}.Debug|Any CPU.Build.0 = Debug|Any CPU
		{764A0CCA-5413-4662-AEB8-DCAF24FBB115}.Release|Any CPU.ActiveCfg = Release|Any CPU
		{764A0CCA-5413-4662-AEB8-DCAF24FBB115}.Release|Any CPU.Build.0 = Release|Any CPU
	EndGlobalSection
	GlobalSection(SolutionProperties) = preSolution
		HideSolutionNode = FALSE
	EndGlobalSection
	GlobalSection(ExtensibilityGlobals) = postSolution
		SolutionGuid = {92800F63-536E-489C-9158-1C674EEB26A5}
	EndGlobalSection
EndGlobal
